
Microsoft Visual Studio Solution File, Format Version 12.00
# Visual Studio 15
VisualStudioVersion = 15.0.27428.2011
MinimumVisualStudioVersion = 10.0.40219.1
Project("{FAE04EC0-301F-11D3-BF4B-00C04F79EFBC}") = "playground", "playground\playground.csproj", "{784459FF-EA9B-4D93-977B-AF5C64965824}"
EndProject
Project("{FAE04EC0-301F-11D3-BF4B-00C04F79EFBC}") = "CodingAbbey", "CodingAbbey\CodingAbbey.csproj", "{6CF597D5-6A17-4DFF-99E6-DCC9C7046E20}"
EndProject
Global
	GlobalSection(SolutionConfigurationPlatforms) = preSolution
		Debug|Any CPU = Debug|Any CPU
		Release|Any CPU = Release|Any CPU
	EndGlobalSection
	GlobalSection(ProjectConfigurationPlatforms) = postSolution
		{784459FF-EA9B-4D93-977B-AF5C64965824}.Debug|Any CPU.ActiveCfg = Debug|Any CPU
		{784459FF-EA9B-4D93-977B-AF5C64965824}.Debug|Any CPU.Build.0 = Debug|Any CPU
		{784459FF-EA9B-4D93-977B-AF5C64965824}.Release|Any CPU.ActiveCfg = Release|Any CPU
		{784459FF-EA9B-4D93-977B-AF5C64965824}.Release|Any CPU.Build.0 = Release|Any CPU
		{6CF597D5-6A17-4DFF-99E6-DCC9C7046E20}.Debug|Any CPU.ActiveCfg = Debug|Any CPU
		{6CF597D5-6A17-4DFF-99E6-DCC9C7046E20}.Debug|Any CPU.Build.0 = Debug|Any CPU
		{6CF597D5-6A17-4DFF-99E6-DCC9C7046E20}.Release|Any CPU.ActiveCfg = Release|Any CPU
		{6CF597D5-6A17-4DFF-99E6-DCC9C7046E20}.Release|Any CPU.Build.0 = Release|Any CPU
	EndGlobalSection
	GlobalSection(SolutionProperties) = preSolution
		HideSolutionNode = FALSE
	EndGlobalSection
	GlobalSection(ExtensibilityGlobals) = postSolution
		SolutionGuid = {B7669786-7866-4327-9139-94C4ACF1CB84}
	EndGlobalSection
EndGlobal
