
Microsoft Visual Studio Solution File, Format Version 12.00
# Visual Studio 15
VisualStudioVersion = 15.0.27428.2011
MinimumVisualStudioVersion = 10.0.40219.1
Project("{FAE04EC0-301F-11D3-BF4B-00C04F79EFBC}") = "UlearnHomework", "UlearnHomework.csproj", "{362918BC-1BAA-4DDB-9F2A-46D2EC37E2AB}"
EndProject
Global
	GlobalSection(SolutionConfigurationPlatforms) = preSolution
		Debug|Any CPU = Debug|Any CPU
		Release|Any CPU = Release|Any CPU
	EndGlobalSection
	GlobalSection(ProjectConfigurationPlatforms) = postSolution
		{362918BC-1BAA-4DDB-9F2A-46D2EC37E2AB}.Debug|Any CPU.ActiveCfg = Debug|Any CPU
		{362918BC-1BAA-4DDB-9F2A-46D2EC37E2AB}.Debug|Any CPU.Build.0 = Debug|Any CPU
		{362918BC-1BAA-4DDB-9F2A-46D2EC37E2AB}.Release|Any CPU.ActiveCfg = Release|Any CPU
		{362918BC-1BAA-4DDB-9F2A-46D2EC37E2AB}.Release|Any CPU.Build.0 = Release|Any CPU
	EndGlobalSection
	GlobalSection(SolutionProperties) = preSolution
		HideSolutionNode = FALSE
	EndGlobalSection
	GlobalSection(ExtensibilityGlobals) = postSolution
		SolutionGuid = {A34501EA-C692-4F20-BDA6-6F70CBF61889}
	EndGlobalSection
EndGlobal
